{
  "nodes": {
    "home-manager": {
      "inputs": {
        "nixpkgs": [
          "nixpkgs"
        ]
      },
      "locked": {
        "lastModified": 1725948275,
        "narHash": "sha256-4QOPemDQ9VRLQaAdWuvdDBhh+lEUOAnSMHhdr4nS1mk=",
        "owner": "nix-community",
        "repo": "home-manager",
        "rev": "e5fa72bad0c6f533e8d558182529ee2acc9454fe",
        "type": "github"
      },
      "original": {
        "owner": "nix-community",
        "repo": "home-manager",
        "type": "github"
      }
    },
    "more-waita": {
      "flake": false,
      "locked": {
        "lastModified": 1714324684,
        "narHash": "sha256-E8zkq8Zfn90Qrn5clXquHAQhAI4K4/7JV7fjujf1P7U=",
        "owner": "somepaulo",
        "repo": "MoreWaita",
        "rev": "0f4ed19f51b5ca8f0622c9e154886efb2a5ff59b",
        "type": "github"
      },
      "original": {
        "owner": "somepaulo",
        "repo": "MoreWaita",
        "type": "github"
      }
    },
    "nixpkgs": {
      "locked": {
        "lastModified": 1725634671,
        "narHash": "sha256-v3rIhsJBOMLR8e/RNWxr828tB+WywYIoajrZKFM+0Gg=",
        "owner": "nixos",
        "repo": "nixpkgs",
        "rev": "574d1eac1c200690e27b8eb4e24887f8df7ac27c",
        "type": "github"
      },
      "original": {
        "owner": "nixos",
        "ref": "nixos-unstable",
        "repo": "nixpkgs",
        "type": "github"
      }
    },
    "root": {
      "inputs": {
        "home-manager": "home-manager",
        "more-waita": "more-waita",
        "nixpkgs": "nixpkgs"
      }
    }
  },
  "root": "root",
  "version": 7
}
